
Microsoft Visual Studio Solution File, Format Version 12.00
# Visual Studio 14
VisualStudioVersion = 14.0.23107.0
MinimumVisualStudioVersion = 10.0.40219.1
Project("{FAE04EC0-301F-11D3-BF4B-00C04F79EFBC}") = "01.PrimeFactorization", "01.PrimeFactorization\01.PrimeFactorization.csproj", "{6C7F12D6-2AD1-4D34-A956-679C0BA5D79F}"
EndProject
Project("{FAE04EC0-301F-11D3-BF4B-00C04F79EFBC}") = "02.SieveOfEratosthenes", "02.SieveOfEratosthenes\02.SieveOfEratosthenes.csproj", "{94C46412-B0D3-4BE8-AA50-D176D3F0F57B}"
EndProject
Project("{FAE04EC0-301F-11D3-BF4B-00C04F79EFBC}") = "03.InsertionSort", "03.InsertionSort\03.InsertionSort.csproj", "{91F352FE-FF6D-4F35-B64A-B2F37C7935A2}"
EndProject
Project("{FAE04EC0-301F-11D3-BF4B-00C04F79EFBC}") = "04.Linear-and-Binary-Search", "04.Linear-and-Binary-Search\04.Linear-and-Binary-Search.csproj", "{F80C3D25-5A46-4F19-8B57-F6E9DCE17067}"
EndProject
Global
	GlobalSection(SolutionConfigurationPlatforms) = preSolution
		Debug|Any CPU = Debug|Any CPU
		Release|Any CPU = Release|Any CPU
	EndGlobalSection
	GlobalSection(ProjectConfigurationPlatforms) = postSolution
		{6C7F12D6-2AD1-4D34-A956-679C0BA5D79F}.Debug|Any CPU.ActiveCfg = Debug|Any CPU
		{6C7F12D6-2AD1-4D34-A956-679C0BA5D79F}.Debug|Any CPU.Build.0 = Debug|Any CPU
		{6C7F12D6-2AD1-4D34-A956-679C0BA5D79F}.Release|Any CPU.ActiveCfg = Release|Any CPU
		{6C7F12D6-2AD1-4D34-A956-679C0BA5D79F}.Release|Any CPU.Build.0 = Release|Any CPU
		{94C46412-B0D3-4BE8-AA50-D176D3F0F57B}.Debug|Any CPU.ActiveCfg = Debug|Any CPU
		{94C46412-B0D3-4BE8-AA50-D176D3F0F57B}.Debug|Any CPU.Build.0 = Debug|Any CPU
		{94C46412-B0D3-4BE8-AA50-D176D3F0F57B}.Release|Any CPU.ActiveCfg = Release|Any CPU
		{94C46412-B0D3-4BE8-AA50-D176D3F0F57B}.Release|Any CPU.Build.0 = Release|Any CPU
		{91F352FE-FF6D-4F35-B64A-B2F37C7935A2}.Debug|Any CPU.ActiveCfg = Debug|Any CPU
		{91F352FE-FF6D-4F35-B64A-B2F37C7935A2}.Debug|Any CPU.Build.0 = Debug|Any CPU
		{91F352FE-FF6D-4F35-B64A-B2F37C7935A2}.Release|Any CPU.ActiveCfg = Release|Any CPU
		{91F352FE-FF6D-4F35-B64A-B2F37C7935A2}.Release|Any CPU.Build.0 = Release|Any CPU
		{F80C3D25-5A46-4F19-8B57-F6E9DCE17067}.Debug|Any CPU.ActiveCfg = Debug|Any CPU
		{F80C3D25-5A46-4F19-8B57-F6E9DCE17067}.Debug|Any CPU.Build.0 = Debug|Any CPU
		{F80C3D25-5A46-4F19-8B57-F6E9DCE17067}.Release|Any CPU.ActiveCfg = Release|Any CPU
		{F80C3D25-5A46-4F19-8B57-F6E9DCE17067}.Release|Any CPU.Build.0 = Release|Any CPU
	EndGlobalSection
	GlobalSection(SolutionProperties) = preSolution
		HideSolutionNode = FALSE
	EndGlobalSection
EndGlobal
