
Microsoft Visual Studio Solution File, Format Version 11.00
# Visual Studio 2010
Project("{FAE04EC0-301F-11D3-BF4B-00C04F79EFBC}") = "JustSnake", "JustSnake\JustSnake.csproj", "{D55562F9-63FD-4F21-8A50-7B9F61D35107}"
EndProject
Global
	GlobalSection(SolutionConfigurationPlatforms) = preSolution
		Debug|x86 = Debug|x86
		Release|x86 = Release|x86
	EndGlobalSection
	GlobalSection(ProjectConfigurationPlatforms) = postSolution
		{D55562F9-63FD-4F21-8A50-7B9F61D35107}.Debug|x86.ActiveCfg = Debug|x86
		{D55562F9-63FD-4F21-8A50-7B9F61D35107}.Debug|x86.Build.0 = Debug|x86
		{D55562F9-63FD-4F21-8A50-7B9F61D35107}.Release|x86.ActiveCfg = Release|x86
		{D55562F9-63FD-4F21-8A50-7B9F61D35107}.Release|x86.Build.0 = Release|x86
	EndGlobalSection
	GlobalSection(SolutionProperties) = preSolution
		HideSolutionNode = FALSE
	EndGlobalSection
EndGlobal
